// !$*UTF8*$!
{
	archiveVersion = 1;
	classes = {
	};
	objectVersion = 56;
	objects = {

/* Begin PBXBuildFile section */
		04FA78FD2DA54E1D00883875 /* ProfileViewController.swift in Sources */ = {isa = PBXBuildFile; fileRef = 04FA78FC2DA54E1800883875 /* ProfileViewController.swift */; };
		04FA79002DA55EF000883875 /* ProfileViewModel.swift in Sources */ = {isa = PBXBuildFile; fileRef = 04FA78FF2DA55EEF00883875 /* ProfileViewModel.swift */; };
		04FA79042DA56B6700883875 /* SingleImageViewController.swift in Sources */ = {isa = PBXBuildFile; fileRef = 04FA79032DA56B6500883875 /* SingleImageViewController.swift */; };
		B56D5C912DA2D2E800A7A352 /* ImagesListCell.swift in Sources */ = {isa = PBXBuildFile; fileRef = B56D5C902DA2D2E800A7A352 /* ImagesListCell.swift */; };
		B57326E42B7A81680001D678 /* AppDelegate.swift in Sources */ = {isa = PBXBuildFile; fileRef = B57326E32B7A81680001D678 /* AppDelegate.swift */; };
		B57326E62B7A81680001D678 /* SceneDelegate.swift in Sources */ = {isa = PBXBuildFile; fileRef = B57326E52B7A81680001D678 /* SceneDelegate.swift */; };
		B57326E82B7A81680001D678 /* ImagesListViewController.swift in Sources */ = {isa = PBXBuildFile; fileRef = B57326E72B7A81680001D678 /* ImagesListViewController.swift */; };
		B57326EB2B7A81680001D678 /* Main.storyboard in Resources */ = {isa = PBXBuildFile; fileRef = B57326E92B7A81680001D678 /* Main.storyboard */; };
		B57326ED2B7A81690001D678 /* Assets.xcassets in Resources */ = {isa = PBXBuildFile; fileRef = B57326EC2B7A81690001D678 /* Assets.xcassets */; };
		B57326F02B7A81690001D678 /* LaunchScreen.storyboard in Resources */ = {isa = PBXBuildFile; fileRef = B57326EE2B7A81690001D678 /* LaunchScreen.storyboard */; };
		B5B8BBF92DA2F15F008388E0 /* ImageCellViewModel.swift in Sources */ = {isa = PBXBuildFile; fileRef = B5B8BBF82DA2F15F008388E0 /* ImageCellViewModel.swift */; };
		B5B8BBFB2DA2F17E008388E0 /* ImageModel.swift in Sources */ = {isa = PBXBuildFile; fileRef = B5B8BBFA2DA2F17E008388E0 /* ImageModel.swift */; };
		B5B8BBFD2DA2F1D1008388E0 /* ImagesListPresenter.swift in Sources */ = {isa = PBXBuildFile; fileRef = B5B8BBFC2DA2F1D1008388E0 /* ImagesListPresenter.swift */; };
/* End PBXBuildFile section */

/* Begin PBXFileReference section */
		04FA78FC2DA54E1800883875 /* ProfileViewController.swift */ = {isa = PBXFileReference; lastKnownFileType = sourcecode.swift; path = ProfileViewController.swift; sourceTree = "<group>"; };
		04FA78FF2DA55EEF00883875 /* ProfileViewModel.swift */ = {isa = PBXFileReference; lastKnownFileType = sourcecode.swift; path = ProfileViewModel.swift; sourceTree = "<group>"; };
		04FA79032DA56B6500883875 /* SingleImageViewController.swift */ = {isa = PBXFileReference; lastKnownFileType = sourcecode.swift; path = SingleImageViewController.swift; sourceTree = "<group>"; };
		B56D5C902DA2D2E800A7A352 /* ImagesListCell.swift */ = {isa = PBXFileReference; lastKnownFileType = sourcecode.swift; path = ImagesListCell.swift; sourceTree = "<group>"; };
		B57326E02B7A81680001D678 /* ImageFeed.app */ = {isa = PBXFileReference; explicitFileType = wrapper.application; includeInIndex = 0; path = ImageFeed.app; sourceTree = BUILT_PRODUCTS_DIR; };
		B57326E32B7A81680001D678 /* AppDelegate.swift */ = {isa = PBXFileReference; lastKnownFileType = sourcecode.swift; path = AppDelegate.swift; sourceTree = "<group>"; };
		B57326E52B7A81680001D678 /* SceneDelegate.swift */ = {isa = PBXFileReference; lastKnownFileType = sourcecode.swift; path = SceneDelegate.swift; sourceTree = "<group>"; };
		B57326E72B7A81680001D678 /* ImagesListViewController.swift */ = {isa = PBXFileReference; lastKnownFileType = sourcecode.swift; path = ImagesListViewController.swift; sourceTree = "<group>"; };
		B57326EA2B7A81680001D678 /* Base */ = {isa = PBXFileReference; lastKnownFileType = file.storyboard; name = Base; path = Base.lproj/Main.storyboard; sourceTree = "<group>"; };
		B57326EC2B7A81690001D678 /* Assets.xcassets */ = {isa = PBXFileReference; lastKnownFileType = folder.assetcatalog; path = Assets.xcassets; sourceTree = "<group>"; };
		B57326EF2B7A81690001D678 /* Base */ = {isa = PBXFileReference; lastKnownFileType = file.storyboard; name = Base; path = Base.lproj/LaunchScreen.storyboard; sourceTree = "<group>"; };
		B57326F12B7A81690001D678 /* Info.plist */ = {isa = PBXFileReference; lastKnownFileType = text.plist.xml; path = Info.plist; sourceTree = "<group>"; };
		B5B8BBF82DA2F15F008388E0 /* ImageCellViewModel.swift */ = {isa = PBXFileReference; lastKnownFileType = sourcecode.swift; path = ImageCellViewModel.swift; sourceTree = "<group>"; };
		B5B8BBFA2DA2F17E008388E0 /* ImageModel.swift */ = {isa = PBXFileReference; lastKnownFileType = sourcecode.swift; path = ImageModel.swift; sourceTree = "<group>"; };
		B5B8BBFC2DA2F1D1008388E0 /* ImagesListPresenter.swift */ = {isa = PBXFileReference; lastKnownFileType = sourcecode.swift; path = ImagesListPresenter.swift; sourceTree = "<group>"; };
/* End PBXFileReference section */

/* Begin PBXFrameworksBuildPhase section */
		B57326DD2B7A81680001D678 /* Frameworks */ = {
			isa = PBXFrameworksBuildPhase;
			buildActionMask = 2147483647;
			files = (
			);
			runOnlyForDeploymentPostprocessing = 0;
		};
/* End PBXFrameworksBuildPhase section */

/* Begin PBXGroup section */
		04FA78FA2DA54D8700883875 /* Profile */ = {
			isa = PBXGroup;
			children = (
				04FA78FE2DA55EE400883875 /* Presenter */,
				04FA78FB2DA54DAA00883875 /* View */,
			);
			path = Profile;
			sourceTree = "<group>";
		};
		04FA78FB2DA54DAA00883875 /* View */ = {
			isa = PBXGroup;
			children = (
				04FA78FC2DA54E1800883875 /* ProfileViewController.swift */,
			);
			path = View;
			sourceTree = "<group>";
		};
		04FA78FE2DA55EE400883875 /* Presenter */ = {
			isa = PBXGroup;
			children = (
				04FA78FF2DA55EEF00883875 /* ProfileViewModel.swift */,
			);
			path = Presenter;
			sourceTree = "<group>";
		};
		04FA79012DA56B5200883875 /* SingleImage */ = {
			isa = PBXGroup;
			children = (
				04FA79022DA56B6000883875 /* View */,
			);
			path = SingleImage;
			sourceTree = "<group>";
		};
		04FA79022DA56B6000883875 /* View */ = {
			isa = PBXGroup;
			children = (
				04FA79032DA56B6500883875 /* SingleImageViewController.swift */,
			);
			path = View;
			sourceTree = "<group>";
		};
		B56D5C922DA2D31100A7A352 /* ImagesList */ = {
			isa = PBXGroup;
			children = (
				B5B8BC002DA2F3B8008388E0 /* Model */,
				B5B8BBFF2DA2F3B2008388E0 /* Presenter */,
				B5B8BBFE2DA2F3A3008388E0 /* View */,
			);
			path = ImagesList;
			sourceTree = "<group>";
		};
		B57326D72B7A81680001D678 = {
			isa = PBXGroup;
			children = (
				B57326E22B7A81680001D678 /* ImageFeed */,
				B57326E12B7A81680001D678 /* Products */,
			);
			sourceTree = "<group>";
		};
		B57326E12B7A81680001D678 /* Products */ = {
			isa = PBXGroup;
			children = (
				B57326E02B7A81680001D678 /* ImageFeed.app */,
			);
			name = Products;
			sourceTree = "<group>";
		};
		B57326E22B7A81680001D678 /* ImageFeed */ = {
			isa = PBXGroup;
			children = (
				04FA79012DA56B5200883875 /* SingleImage */,
				04FA78FA2DA54D8700883875 /* Profile */,
				B5B8BC042DA2F547008388E0 /* LaunchScreen */,
				B56D5C922DA2D31100A7A352 /* ImagesList */,
				B57326E32B7A81680001D678 /* AppDelegate.swift */,
				B57326E52B7A81680001D678 /* SceneDelegate.swift */,
				B57326E92B7A81680001D678 /* Main.storyboard */,
				B57326F12B7A81690001D678 /* Info.plist */,
				B57326EC2B7A81690001D678 /* Assets.xcassets */,
			);
			path = ImageFeed;
			sourceTree = "<group>";
		};
		B5B8BBFE2DA2F3A3008388E0 /* View */ = {
			isa = PBXGroup;
			children = (
				B57326E72B7A81680001D678 /* ImagesListViewController.swift */,
				B56D5C902DA2D2E800A7A352 /* ImagesListCell.swift */,
			);
			path = View;
			sourceTree = "<group>";
		};
		B5B8BBFF2DA2F3B2008388E0 /* Presenter */ = {
			isa = PBXGroup;
			children = (
				B5B8BBF82DA2F15F008388E0 /* ImageCellViewModel.swift */,
				B5B8BBFC2DA2F1D1008388E0 /* ImagesListPresenter.swift */,
			);
			path = Presenter;
			sourceTree = "<group>";
		};
		B5B8BC002DA2F3B8008388E0 /* Model */ = {
			isa = PBXGroup;
			children = (
				B5B8BBFA2DA2F17E008388E0 /* ImageModel.swift */,
			);
			path = Model;
			sourceTree = "<group>";
		};
		B5B8BC042DA2F547008388E0 /* LaunchScreen */ = {
			isa = PBXGroup;
			children = (
				B57326EE2B7A81690001D678 /* LaunchScreen.storyboard */,
			);
			path = LaunchScreen;
			sourceTree = "<group>";
		};
/* End PBXGroup section */

/* Begin PBXNativeTarget section */
		B57326DF2B7A81680001D678 /* ImageFeed */ = {
			isa = PBXNativeTarget;
			buildConfigurationList = B57326F42B7A81690001D678 /* Build configuration list for PBXNativeTarget "ImageFeed" */;
			buildPhases = (
				B57326DC2B7A81680001D678 /* Sources */,
				B57326DD2B7A81680001D678 /* Frameworks */,
				B57326DE2B7A81680001D678 /* Resources */,
			);
			buildRules = (
			);
			dependencies = (
			);
			name = ImageFeed;
			productName = ImageFeed;
			productReference = B57326E02B7A81680001D678 /* ImageFeed.app */;
			productType = "com.apple.product-type.application";
		};
/* End PBXNativeTarget section */

/* Begin PBXProject section */
		B57326D82B7A81680001D678 /* Project object */ = {
			isa = PBXProject;
			attributes = {
				BuildIndependentTargetsInParallel = 1;
				LastSwiftUpdateCheck = 1500;
				LastUpgradeCheck = 1500;
				TargetAttributes = {
					B57326DF2B7A81680001D678 = {
						CreatedOnToolsVersion = 15.0.1;
					};
				};
			};
			buildConfigurationList = B57326DB2B7A81680001D678 /* Build configuration list for PBXProject "ImageFeed" */;
			compatibilityVersion = "Xcode 14.0";
			developmentRegion = en;
			hasScannedForEncodings = 0;
			knownRegions = (
				en,
				Base,
			);
			mainGroup = B57326D72B7A81680001D678;
			productRefGroup = B57326E12B7A81680001D678 /* Products */;
			projectDirPath = "";
			projectRoot = "";
			targets = (
				B57326DF2B7A81680001D678 /* ImageFeed */,
			);
		};
/* End PBXProject section */

/* Begin PBXResourcesBuildPhase section */
		B57326DE2B7A81680001D678 /* Resources */ = {
			isa = PBXResourcesBuildPhase;
			buildActionMask = 2147483647;
			files = (
				B57326F02B7A81690001D678 /* LaunchScreen.storyboard in Resources */,
				B57326ED2B7A81690001D678 /* Assets.xcassets in Resources */,
				B57326EB2B7A81680001D678 /* Main.storyboard in Resources */,
			);
			runOnlyForDeploymentPostprocessing = 0;
		};
/* End PBXResourcesBuildPhase section */

/* Begin PBXSourcesBuildPhase section */
		B57326DC2B7A81680001D678 /* Sources */ = {
			isa = PBXSourcesBuildPhase;
			buildActionMask = 2147483647;
			files = (
				B5B8BBF92DA2F15F008388E0 /* ImageCellViewModel.swift in Sources */,
				B5B8BBFB2DA2F17E008388E0 /* ImageModel.swift in Sources */,
				B57326E82B7A81680001D678 /* ImagesListViewController.swift in Sources */,
				04FA79002DA55EF000883875 /* ProfileViewModel.swift in Sources */,
				B56D5C912DA2D2E800A7A352 /* ImagesListCell.swift in Sources */,
				B57326E42B7A81680001D678 /* AppDelegate.swift in Sources */,
				04FA79042DA56B6700883875 /* SingleImageViewController.swift in Sources */,
				B5B8BBFD2DA2F1D1008388E0 /* ImagesListPresenter.swift in Sources */,
				04FA78FD2DA54E1D00883875 /* ProfileViewController.swift in Sources */,
				B57326E62B7A81680001D678 /* SceneDelegate.swift in Sources */,
			);
			runOnlyForDeploymentPostprocessing = 0;
		};
/* End PBXSourcesBuildPhase section */

/* Begin PBXVariantGroup section */
		B57326E92B7A81680001D678 /* Main.storyboard */ = {
			isa = PBXVariantGroup;
			children = (
				B57326EA2B7A81680001D678 /* Base */,
			);
			name = Main.storyboard;
			sourceTree = "<group>";
		};
		B57326EE2B7A81690001D678 /* LaunchScreen.storyboard */ = {
			isa = PBXVariantGroup;
			children = (
				B57326EF2B7A81690001D678 /* Base */,
			);
			name = LaunchScreen.storyboard;
			sourceTree = "<group>";
		};
/* End PBXVariantGroup section */

/* Begin XCBuildConfiguration section */
		B57326F22B7A81690001D678 /* Debug */ = {
			isa = XCBuildConfiguration;
			buildSettings = {
				ALWAYS_SEARCH_USER_PATHS = NO;
				ASSETCATALOG_COMPILER_GENERATE_SWIFT_ASSET_SYMBOL_EXTENSIONS = YES;
				CLANG_ANALYZER_NONNULL = YES;
				CLANG_ANALYZER_NUMBER_OBJECT_CONVERSION = YES_AGGRESSIVE;
				CLANG_CXX_LANGUAGE_STANDARD = "gnu++20";
				CLANG_ENABLE_MODULES = YES;
				CLANG_ENABLE_OBJC_ARC = YES;
				CLANG_ENABLE_OBJC_WEAK = YES;
				CLANG_WARN_BLOCK_CAPTURE_AUTORELEASING = YES;
				CLANG_WARN_BOOL_CONVERSION = YES;
				CLANG_WARN_COMMA = YES;
				CLANG_WARN_CONSTANT_CONVERSION = YES;
				CLANG_WARN_DEPRECATED_OBJC_IMPLEMENTATIONS = YES;
				CLANG_WARN_DIRECT_OBJC_ISA_USAGE = YES_ERROR;
				CLANG_WARN_DOCUMENTATION_COMMENTS = YES;
				CLANG_WARN_EMPTY_BODY = YES;
				CLANG_WARN_ENUM_CONVERSION = YES;
				CLANG_WARN_INFINITE_RECURSION = YES;
				CLANG_WARN_INT_CONVERSION = YES;
				CLANG_WARN_NON_LITERAL_NULL_CONVERSION = YES;
				CLANG_WARN_OBJC_IMPLICIT_RETAIN_SELF = YES;
				CLANG_WARN_OBJC_LITERAL_CONVERSION = YES;
				CLANG_WARN_OBJC_ROOT_CLASS = YES_ERROR;
				CLANG_WARN_QUOTED_INCLUDE_IN_FRAMEWORK_HEADER = YES;
				CLANG_WARN_RANGE_LOOP_ANALYSIS = YES;
				CLANG_WARN_STRICT_PROTOTYPES = YES;
				CLANG_WARN_SUSPICIOUS_MOVE = YES;
				CLANG_WARN_UNGUARDED_AVAILABILITY = YES_AGGRESSIVE;
				CLANG_WARN_UNREACHABLE_CODE = YES;
				CLANG_WARN__DUPLICATE_METHOD_MATCH = YES;
				COPY_PHASE_STRIP = NO;
				DEBUG_INFORMATION_FORMAT = dwarf;
				ENABLE_STRICT_OBJC_MSGSEND = YES;
				ENABLE_TESTABILITY = YES;
				ENABLE_USER_SCRIPT_SANDBOXING = YES;
				GCC_C_LANGUAGE_STANDARD = gnu17;
				GCC_DYNAMIC_NO_PIC = NO;
				GCC_NO_COMMON_BLOCKS = YES;
				GCC_OPTIMIZATION_LEVEL = 0;
				GCC_PREPROCESSOR_DEFINITIONS = (
					"DEBUG=1",
					"$(inherited)",
				);
				GCC_WARN_64_TO_32_BIT_CONVERSION = YES;
				GCC_WARN_ABOUT_RETURN_TYPE = YES_ERROR;
				GCC_WARN_UNDECLARED_SELECTOR = YES;
				GCC_WARN_UNINITIALIZED_AUTOS = YES_AGGRESSIVE;
				GCC_WARN_UNUSED_FUNCTION = YES;
				GCC_WARN_UNUSED_VARIABLE = YES;
				IPHONEOS_DEPLOYMENT_TARGET = 17.0;
				LOCALIZATION_PREFERS_STRING_CATALOGS = YES;
				MTL_ENABLE_DEBUG_INFO = INCLUDE_SOURCE;
				MTL_FAST_MATH = YES;
				ONLY_ACTIVE_ARCH = YES;
				SDKROOT = iphoneos;
				SWIFT_ACTIVE_COMPILATION_CONDITIONS = "DEBUG $(inherited)";
				SWIFT_OPTIMIZATION_LEVEL = "-Onone";
			};
			name = Debug;
		};
		B57326F32B7A81690001D678 /* Release */ = {
			isa = XCBuildConfiguration;
			buildSettings = {
				ALWAYS_SEARCH_USER_PATHS = NO;
				ASSETCATALOG_COMPILER_GENERATE_SWIFT_ASSET_SYMBOL_EXTENSIONS = YES;
				CLANG_ANALYZER_NONNULL = YES;
				CLANG_ANALYZER_NUMBER_OBJECT_CONVERSION = YES_AGGRESSIVE;
				CLANG_CXX_LANGUAGE_STANDARD = "gnu++20";
				CLANG_ENABLE_MODULES = YES;
				CLANG_ENABLE_OBJC_ARC = YES;
				CLANG_ENABLE_OBJC_WEAK = YES;
				CLANG_WARN_BLOCK_CAPTURE_AUTORELEASING = YES;
				CLANG_WARN_BOOL_CONVERSION = YES;
				CLANG_WARN_COMMA = YES;
				CLANG_WARN_CONSTANT_CONVERSION = YES;
				CLANG_WARN_DEPRECATED_OBJC_IMPLEMENTATIONS = YES;
				CLANG_WARN_DIRECT_OBJC_ISA_USAGE = YES_ERROR;
				CLANG_WARN_DOCUMENTATION_COMMENTS = YES;
				CLANG_WARN_EMPTY_BODY = YES;
				CLANG_WARN_ENUM_CONVERSION = YES;
				CLANG_WARN_INFINITE_RECURSION = YES;
				CLANG_WARN_INT_CONVERSION = YES;
				CLANG_WARN_NON_LITERAL_NULL_CONVERSION = YES;
				CLANG_WARN_OBJC_IMPLICIT_RETAIN_SELF = YES;
				CLANG_WARN_OBJC_LITERAL_CONVERSION = YES;
				CLANG_WARN_OBJC_ROOT_CLASS = YES_ERROR;
				CLANG_WARN_QUOTED_INCLUDE_IN_FRAMEWORK_HEADER = YES;
				CLANG_WARN_RANGE_LOOP_ANALYSIS = YES;
				CLANG_WARN_STRICT_PROTOTYPES = YES;
				CLANG_WARN_SUSPICIOUS_MOVE = YES;
				CLANG_WARN_UNGUARDED_AVAILABILITY = YES_AGGRESSIVE;
				CLANG_WARN_UNREACHABLE_CODE = YES;
				CLANG_WARN__DUPLICATE_METHOD_MATCH = YES;
				COPY_PHASE_STRIP = NO;
				DEBUG_INFORMATION_FORMAT = "dwarf-with-dsym";
				ENABLE_NS_ASSERTIONS = NO;
				ENABLE_STRICT_OBJC_MSGSEND = YES;
				ENABLE_USER_SCRIPT_SANDBOXING = YES;
				GCC_C_LANGUAGE_STANDARD = gnu17;
				GCC_NO_COMMON_BLOCKS = YES;
				GCC_WARN_64_TO_32_BIT_CONVERSION = YES;
				GCC_WARN_ABOUT_RETURN_TYPE = YES_ERROR;
				GCC_WARN_UNDECLARED_SELECTOR = YES;
				GCC_WARN_UNINITIALIZED_AUTOS = YES_AGGRESSIVE;
				GCC_WARN_UNUSED_FUNCTION = YES;
				GCC_WARN_UNUSED_VARIABLE = YES;
				IPHONEOS_DEPLOYMENT_TARGET = 17.0;
				LOCALIZATION_PREFERS_STRING_CATALOGS = YES;
				MTL_ENABLE_DEBUG_INFO = NO;
				MTL_FAST_MATH = YES;
				SDKROOT = iphoneos;
				SWIFT_COMPILATION_MODE = wholemodule;
				VALIDATE_PRODUCT = YES;
			};
			name = Release;
		};
		B57326F52B7A81690001D678 /* Debug */ = {
			isa = XCBuildConfiguration;
			buildSettings = {
				ASSETCATALOG_COMPILER_APPICON_NAME = AppIcon;
				ASSETCATALOG_COMPILER_GLOBAL_ACCENT_COLOR_NAME = AccentColor;
				CODE_SIGN_STYLE = Automatic;
				CURRENT_PROJECT_VERSION = 1;
				DEVELOPMENT_TEAM = 82MYLTCBAF;
				GENERATE_INFOPLIST_FILE = YES;
				INFOPLIST_FILE = ImageFeed/Info.plist;
				INFOPLIST_KEY_UIApplicationSupportsIndirectInputEvents = YES;
				INFOPLIST_KEY_UILaunchStoryboardName = LaunchScreen;
				INFOPLIST_KEY_UIMainStoryboardFile = Main;
				INFOPLIST_KEY_UISupportedInterfaceOrientations = UIInterfaceOrientationPortrait;
				IPHONEOS_DEPLOYMENT_TARGET = 13.0;
				LD_RUNPATH_SEARCH_PATHS = (
					"$(inherited)",
					"@executable_path/Frameworks",
				);
				MARKETING_VERSION = 1.0;
				PRODUCT_BUNDLE_IDENTIFIER = com.mapl.ImageFeed;
				PRODUCT_NAME = "$(TARGET_NAME)";
				SUPPORTED_PLATFORMS = "iphoneos iphonesimulator";
				SUPPORTS_MACCATALYST = NO;
				SWIFT_EMIT_LOC_STRINGS = YES;
				SWIFT_VERSION = 5.0;
				TARGETED_DEVICE_FAMILY = 1;
			};
			name = Debug;
		};
		B57326F62B7A81690001D678 /* Release */ = {
			isa = XCBuildConfiguration;
			buildSettings = {
				ASSETCATALOG_COMPILER_APPICON_NAME = AppIcon;
				ASSETCATALOG_COMPILER_GLOBAL_ACCENT_COLOR_NAME = AccentColor;
				CODE_SIGN_STYLE = Automatic;
				CURRENT_PROJECT_VERSION = 1;
				DEVELOPMENT_TEAM = 82MYLTCBAF;
				GENERATE_INFOPLIST_FILE = YES;
				INFOPLIST_FILE = ImageFeed/Info.plist;
				INFOPLIST_KEY_UIApplicationSupportsIndirectInputEvents = YES;
				INFOPLIST_KEY_UILaunchStoryboardName = LaunchScreen;
				INFOPLIST_KEY_UIMainStoryboardFile = Main;
				INFOPLIST_KEY_UISupportedInterfaceOrientations = UIInterfaceOrientationPortrait;
				IPHONEOS_DEPLOYMENT_TARGET = 13.0;
				LD_RUNPATH_SEARCH_PATHS = (
					"$(inherited)",
					"@executable_path/Frameworks",
				);
				MARKETING_VERSION = 1.0;
				PRODUCT_BUNDLE_IDENTIFIER = com.mapl.ImageFeed;
				PRODUCT_NAME = "$(TARGET_NAME)";
				SUPPORTED_PLATFORMS = "iphoneos iphonesimulator";
				SUPPORTS_MACCATALYST = NO;
				SWIFT_EMIT_LOC_STRINGS = YES;
				SWIFT_VERSION = 5.0;
				TARGETED_DEVICE_FAMILY = 1;
			};
			name = Release;
		};
/* End XCBuildConfiguration section */

/* Begin XCConfigurationList section */
		B57326DB2B7A81680001D678 /* Build configuration list for PBXProject "ImageFeed" */ = {
			isa = XCConfigurationList;
			buildConfigurations = (
				B57326F22B7A81690001D678 /* Debug */,
				B57326F32B7A81690001D678 /* Release */,
			);
			defaultConfigurationIsVisible = 0;
			defaultConfigurationName = Release;
		};
		B57326F42B7A81690001D678 /* Build configuration list for PBXNativeTarget "ImageFeed" */ = {
			isa = XCConfigurationList;
			buildConfigurations = (
				B57326F52B7A81690001D678 /* Debug */,
				B57326F62B7A81690001D678 /* Release */,
			);
			defaultConfigurationIsVisible = 0;
			defaultConfigurationName = Release;
		};
/* End XCConfigurationList section */
	};
	rootObject = B57326D82B7A81680001D678 /* Project object */;
}
